
Microsoft Visual Studio Solution File, Format Version 12.00
# Visual Studio 15
VisualStudioVersion = 15.0.28307.421
MinimumVisualStudioVersion = 10.0.40219.1
Project("{FAE04EC0-301F-11D3-BF4B-00C04F79EFBC}") = "FrontPipedriveIntegrationProject", "FrontPipedriveIntegrationProject.csproj", "{DAC5337F-9611-436F-8D52-48B306886359}"
EndProject
Global
	GlobalSection(SolutionConfigurationPlatforms) = preSolution
		Debug|Any CPU = Debug|Any CPU
		Release|Any CPU = Release|Any CPU
	EndGlobalSection
	GlobalSection(ProjectConfigurationPlatforms) = postSolution
		{DAC5337F-9611-436F-8D52-48B306886359}.Debug|Any CPU.ActiveCfg = Debug|Any CPU
		{DAC5337F-9611-436F-8D52-48B306886359}.Debug|Any CPU.Build.0 = Debug|Any CPU
		{DAC5337F-9611-436F-8D52-48B306886359}.Release|Any CPU.ActiveCfg = Release|Any CPU
		{DAC5337F-9611-436F-8D52-48B306886359}.Release|Any CPU.Build.0 = Release|Any CPU
	EndGlobalSection
	GlobalSection(SolutionProperties) = preSolution
		HideSolutionNode = FALSE
	EndGlobalSection
	GlobalSection(ExtensibilityGlobals) = postSolution
		SolutionGuid = {0A0F2D9D-43DF-4641-BA99-9174C11D07CE}
	EndGlobalSection
EndGlobal
